
Microsoft Visual Studio Solution File, Format Version 12.00
# Visual Studio Version 17
VisualStudioVersion = 17.8.34316.72
MinimumVisualStudioVersion = 10.0.40219.1
Project("{FAE04EC0-301F-11D3-BF4B-00C04F79EFBC}") = "NetfilxAPI", "NetfilxAPI.csproj", "{3932E45E-FF41-4DED-88F1-B1228D10FC6F}"
EndProject
Global
	GlobalSection(SolutionConfigurationPlatforms) = preSolution
		Debug|Any CPU = Debug|Any CPU
		Release|Any CPU = Release|Any CPU
	EndGlobalSection
	GlobalSection(ProjectConfigurationPlatforms) = postSolution
		{3932E45E-FF41-4DED-88F1-B1228D10FC6F}.Debug|Any CPU.ActiveCfg = Debug|Any CPU
		{3932E45E-FF41-4DED-88F1-B1228D10FC6F}.Debug|Any CPU.Build.0 = Debug|Any CPU
		{3932E45E-FF41-4DED-88F1-B1228D10FC6F}.Release|Any CPU.ActiveCfg = Release|Any CPU
		{3932E45E-FF41-4DED-88F1-B1228D10FC6F}.Release|Any CPU.Build.0 = Release|Any CPU
	EndGlobalSection
	GlobalSection(SolutionProperties) = preSolution
		HideSolutionNode = FALSE
	EndGlobalSection
	GlobalSection(ExtensibilityGlobals) = postSolution
		SolutionGuid = {11EA26E8-189E-4AB7-8BA0-2911458B4E65}
	EndGlobalSection
EndGlobal
